{
  "nodes": {
    "advisory-db": {
      "flake": false,
      "locked": {
        "lastModified": 1710515894,
        "narHash": "sha256-tmQ9TMCb2jZY3jYdf53qIberkYV3dnUzdAYYK/NB+No=",
        "owner": "rustsec",
        "repo": "advisory-db",
        "rev": "369d98c1b95b7b56d0859605916d7b81a7d1f1c4",
        "type": "github"
      },
      "original": {
        "owner": "rustsec",
        "repo": "advisory-db",
        "type": "github"
      }
    },
    "base16-schemes": {
      "flake": false,
      "locked": {
        "lastModified": 1696158499,
        "narHash": "sha256-5yIHgDTPjoX/3oDEfLSQ0eJZdFL1SaCfb9d6M0RmOTM=",
        "owner": "tinted-theming",
        "repo": "base16-schemes",
        "rev": "a9112eaae86d9dd8ee6bb9445b664fba2f94037a",
        "type": "github"
      },
      "original": {
        "owner": "tinted-theming",
        "repo": "base16-schemes",
        "type": "github"
      }
    },
    "blender-bin": {
      "inputs": {
        "nixpkgs": "nixpkgs"
      },
      "locked": {
        "dir": "blender",
        "lastModified": 1742939360,
        "narHash": "sha256-YeM/A4SWHlz2trSNjriPi4QR5zsYMC8vkQawSlRw2+w=",
        "owner": "edolstra",
        "repo": "nix-warez",
        "rev": "c9d2d5c61a37f2217e9241ccfa6c394ed2f3e52b",
        "type": "github"
      },
      "original": {
        "dir": "blender",
        "owner": "edolstra",
        "repo": "nix-warez",
        "type": "github"
      }
    },
    "crane": {
      "inputs": {
        "nixpkgs": [
          "nix-your-shell",
          "nixpkgs"
        ]
      },
      "locked": {
        "lastModified": 1710886643,
        "narHash": "sha256-saTZuv9YeZ9COHPuj8oedGdUwJZcbQ3vyRqe7NVJMsQ=",
        "owner": "ipetkov",
        "repo": "crane",
        "rev": "5bace74e9a65165c918205cf67ad3977fe79c584",
        "type": "github"
      },
      "original": {
        "owner": "ipetkov",
        "repo": "crane",
        "type": "github"
      }
    },
    "home-manager": {
      "inputs": {
        "nixpkgs": [
          "nixpkgs"
        ]
      },
      "locked": {
        "lastModified": 1744400600,
        "narHash": "sha256-qYhUgA98mhq1QK13r9qVY+sG1ri6FBgyp+GApX6wS20=",
        "owner": "nix-community",
        "repo": "home-manager",
        "rev": "b74b22bb6167e8dff083ec6988c98798bf8954d3",
        "type": "github"
      },
      "original": {
        "owner": "nix-community",
        "ref": "master",
        "repo": "home-manager",
        "type": "github"
      }
    },
    "nix-colors": {
      "inputs": {
        "base16-schemes": "base16-schemes",
        "nixpkgs-lib": "nixpkgs-lib"
      },
      "locked": {
        "lastModified": 1707825078,
        "narHash": "sha256-hTfge2J2W+42SZ7VHXkf4kjU+qzFqPeC9k66jAUBMHk=",
        "owner": "misterio77",
        "repo": "nix-colors",
        "rev": "b01f024090d2c4fc3152cd0cf12027a7b8453ba1",
        "type": "github"
      },
      "original": {
        "owner": "misterio77",
        "repo": "nix-colors",
        "type": "github"
      }
    },
    "nix-your-shell": {
      "inputs": {
        "advisory-db": "advisory-db",
        "crane": "crane",
        "nixpkgs": [
          "nixpkgs"
        ],
        "systems": "systems"
      },
      "locked": {
        "lastModified": 1727198502,
        "narHash": "sha256-FjGjLq/4qeZz9foA7pfz1hiXvsdmbnzB3BpiTESLE1c=",
        "owner": "MercuryTechnologies",
        "repo": "nix-your-shell",
        "rev": "04dc6379eab87c128f2eca3f2238f533a95604b3",
        "type": "github"
      },
      "original": {
        "owner": "MercuryTechnologies",
        "repo": "nix-your-shell",
        "type": "github"
      }
    },
    "nixpkgs": {
      "locked": {
        "lastModified": 1733808091,
        "narHash": "sha256-KWwINTQelKOoQgrXftxoqxmKFZb9pLVfnRvK270nkVk=",
        "owner": "NixOS",
        "repo": "nixpkgs",
        "rev": "a0f3e10d94359665dba45b71b4227b0aeb851f8e",
        "type": "github"
      },
      "original": {
        "id": "nixpkgs",
        "ref": "nixos-24.11",
        "type": "indirect"
      }
    },
    "nixpkgs-lib": {
      "locked": {
        "lastModified": 1697935651,
        "narHash": "sha256-qOfWjQ2JQSQL15KLh6D7xQhx0qgZlYZTYlcEiRuAMMw=",
        "owner": "nix-community",
        "repo": "nixpkgs.lib",
        "rev": "e1e11fdbb01113d85c7f41cada9d2847660e3902",
        "type": "github"
      },
      "original": {
        "owner": "nix-community",
        "repo": "nixpkgs.lib",
        "type": "github"
      }
    },
    "nixpkgs_2": {
      "locked": {
        "lastModified": 1744442362,
        "narHash": "sha256-i47t4DRIZgwBZw2Osbrp1OJhhO1k/n+QzRx+TrmfE9Y=",
        "owner": "nixos",
        "repo": "nixpkgs",
        "rev": "2349f9de17183971db12ae9e0123dab132023bd7",
        "type": "github"
      },
      "original": {
        "owner": "nixos",
        "ref": "master",
        "repo": "nixpkgs",
        "type": "github"
      }
    },
    "nixpkgs_3": {
      "locked": {
        "lastModified": 1744502386,
        "narHash": "sha256-QAd1L37eU7ktL2WeLLLTmI6P9moz9+a/ONO8qNBYJgM=",
        "owner": "NixOS",
        "repo": "nixpkgs",
        "rev": "f6db44a8daa59c40ae41ba6e5823ec77fe0d2124",
        "type": "github"
      },
      "original": {
        "owner": "NixOS",
        "ref": "nixpkgs-unstable",
        "repo": "nixpkgs",
        "type": "github"
      }
    },
    "nixpkgs_4": {
      "locked": {
        "lastModified": 1735471104,
        "narHash": "sha256-0q9NGQySwDQc7RhAV2ukfnu7Gxa5/ybJ2ANT8DQrQrs=",
        "owner": "nixos",
        "repo": "nixpkgs",
        "rev": "88195a94f390381c6afcdaa933c2f6ff93959cb4",
        "type": "github"
      },
      "original": {
        "owner": "nixos",
        "ref": "nixos-unstable",
        "repo": "nixpkgs",
        "type": "github"
      }
    },
    "root": {
      "inputs": {
        "blender-bin": "blender-bin",
        "home-manager": "home-manager",
        "nix-colors": "nix-colors",
        "nix-your-shell": "nix-your-shell",
        "nixpkgs": "nixpkgs_2",
        "sops-nix": "sops-nix",
        "zen-browser": "zen-browser"
      }
    },
    "sops-nix": {
      "inputs": {
        "nixpkgs": "nixpkgs_3"
      },
      "locked": {
        "lastModified": 1744669848,
        "narHash": "sha256-pXyanHLUzLNd3MX9vsWG+6Z2hTU8niyphWstYEP3/GU=",
        "owner": "Mic92",
        "repo": "sops-nix",
        "rev": "61154300d945f0b147b30d24ddcafa159148026a",
        "type": "github"
      },
      "original": {
        "owner": "Mic92",
        "repo": "sops-nix",
        "type": "github"
      }
    },
    "systems": {
      "locked": {
        "lastModified": 1681028828,
        "narHash": "sha256-Vy1rq5AaRuLzOxct8nz4T6wlgyUR7zLU309k9mBC768=",
        "owner": "nix-systems",
        "repo": "default",
        "rev": "da67096a3b9bf56a91d16901293e51ba5b49a27e",
        "type": "github"
      },
      "original": {
        "owner": "nix-systems",
        "repo": "default",
        "type": "github"
      }
    },
    "zen-browser": {
      "inputs": {
        "nixpkgs": "nixpkgs_4"
      },
      "locked": {
        "lastModified": 1739294172,
        "narHash": "sha256-SQiAzwlNQaymcMmHl7TL7s+2zojOimWUWhKhY95Q3H4=",
        "owner": "0xc000022070",
        "repo": "zen-browser-flake",
        "rev": "8c391758dcca59a35c196d07b78af251c5341b08",
        "type": "github"
      },
      "original": {
        "owner": "0xc000022070",
        "repo": "zen-browser-flake",
        "type": "github"
      }
    }
  },
  "root": "root",
  "version": 7
}
